// !$*UTF8*$!
{
	archiveVersion = 1;
	classes = {
	};
	objectVersion = 46;
	objects = {

/* Begin PBXBuildFile section */
		E8C774712107090D00DB10C0 /* Assets.xcassets in Resources */ = {isa = PBXBuildFile; fileRef = E8C774652107090D00DB10C0 /* Assets.xcassets */; };
		E8C774722107090D00DB10C0 /* placeHolder.png in Resources */ = {isa = PBXBuildFile; fileRef = E8C774662107090D00DB10C0 /* placeHolder.png */; };
		E8C774732107090D00DB10C0 /* IMG_0347.png in Resources */ = {isa = PBXBuildFile; fileRef = E8C774672107090D00DB10C0 /* IMG_0347.png */; };
		E8C774742107090D00DB10C0 /* LaunchScreen.storyboard in Resources */ = {isa = PBXBuildFile; fileRef = E8C774692107090D00DB10C0 /* LaunchScreen.storyboard */; };
		E8C774752107090D00DB10C0 /* Main.storyboard in Resources */ = {isa = PBXBuildFile; fileRef = E8C7746B2107090D00DB10C0 /* Main.storyboard */; };
		E8C7747D2107093000DB10C0 /* ViewController.swift in Sources */ = {isa = PBXBuildFile; fileRef = E8C774782107093000DB10C0 /* ViewController.swift */; };
		E8C7747E2107093000DB10C0 /* CustomHeaderView.swift in Sources */ = {isa = PBXBuildFile; fileRef = E8C7747A2107093000DB10C0 /* CustomHeaderView.swift */; };
		E8C7747F2107093000DB10C0 /* AppDelegate.swift in Sources */ = {isa = PBXBuildFile; fileRef = E8C7747C2107093000DB10C0 /* AppDelegate.swift */; };
		E8FE696F1FA9821C0079C101 /* Info.plist in Resources */ = {isa = PBXBuildFile; fileRef = E8FE69671FA9821C0079C101 /* Info.plist */; };
/* End PBXBuildFile section */

/* Begin PBXFileReference section */
		E8AA52FE1F8E369000B34BD5 /* TablePullToStickHeader.app */ = {isa = PBXFileReference; explicitFileType = wrapper.application; includeInIndex = 0; path = TablePullToStickHeader.app; sourceTree = BUILT_PRODUCTS_DIR; };
		E8C774652107090D00DB10C0 /* Assets.xcassets */ = {isa = PBXFileReference; lastKnownFileType = folder.assetcatalog; path = Assets.xcassets; sourceTree = "<group>"; };
		E8C774662107090D00DB10C0 /* placeHolder.png */ = {isa = PBXFileReference; lastKnownFileType = image.png; path = placeHolder.png; sourceTree = "<group>"; };
		E8C774672107090D00DB10C0 /* IMG_0347.png */ = {isa = PBXFileReference; lastKnownFileType = image.png; path = IMG_0347.png; sourceTree = "<group>"; };
		E8C7746A2107090D00DB10C0 /* Base */ = {isa = PBXFileReference; lastKnownFileType = file.storyboard; name = Base; path = Base.lproj/LaunchScreen.storyboard; sourceTree = "<group>"; };
		E8C7746C2107090D00DB10C0 /* Base */ = {isa = PBXFileReference; lastKnownFileType = file.storyboard; name = Base; path = Base.lproj/Main.storyboard; sourceTree = "<group>"; };
		E8C774782107093000DB10C0 /* ViewController.swift */ = {isa = PBXFileReference; fileEncoding = 4; lastKnownFileType = sourcecode.swift; path = ViewController.swift; sourceTree = "<group>"; };
		E8C7747A2107093000DB10C0 /* CustomHeaderView.swift */ = {isa = PBXFileReference; fileEncoding = 4; lastKnownFileType = sourcecode.swift; path = CustomHeaderView.swift; sourceTree = "<group>"; };
		E8C7747C2107093000DB10C0 /* AppDelegate.swift */ = {isa = PBXFileReference; fileEncoding = 4; lastKnownFileType = sourcecode.swift; path = AppDelegate.swift; sourceTree = "<group>"; };
		E8FE69671FA9821C0079C101 /* Info.plist */ = {isa = PBXFileReference; fileEncoding = 4; lastKnownFileType = text.plist.xml; path = Info.plist; sourceTree = "<group>"; };
/* End PBXFileReference section */

/* Begin PBXFrameworksBuildPhase section */
		E8AA52FB1F8E369000B34BD5 /* Frameworks */ = {
			isa = PBXFrameworksBuildPhase;
			buildActionMask = 2147483647;
			files = (
			);
			runOnlyForDeploymentPostprocessing = 0;
		};
/* End PBXFrameworksBuildPhase section */

/* Begin PBXGroup section */
		E8AA52F51F8E369000B34BD5 = {
			isa = PBXGroup;
			children = (
				E8FE695E1FA9821C0079C101 /* TablePullToStickHeader */,
				E8AA52FF1F8E369000B34BD5 /* Products */,
			);
			sourceTree = "<group>";
		};
		E8AA52FF1F8E369000B34BD5 /* Products */ = {
			isa = PBXGroup;
			children = (
				E8AA52FE1F8E369000B34BD5 /* TablePullToStickHeader.app */,
			);
			name = Products;
			sourceTree = "<group>";
		};
		E8C774632107090D00DB10C0 /* Resources */ = {
			isa = PBXGroup;
			children = (
				E8C774642107090D00DB10C0 /* Images */,
				E8C774682107090D00DB10C0 /* Screens */,
				E8C7746D2107090D00DB10C0 /* Data */,
			);
			path = Resources;
			sourceTree = "<group>";
		};
		E8C774642107090D00DB10C0 /* Images */ = {
			isa = PBXGroup;
			children = (
				E8C774652107090D00DB10C0 /* Assets.xcassets */,
				E8C774662107090D00DB10C0 /* placeHolder.png */,
				E8C774672107090D00DB10C0 /* IMG_0347.png */,
			);
			path = Images;
			sourceTree = "<group>";
		};
		E8C774682107090D00DB10C0 /* Screens */ = {
			isa = PBXGroup;
			children = (
				E8C774692107090D00DB10C0 /* LaunchScreen.storyboard */,
				E8C7746B2107090D00DB10C0 /* Main.storyboard */,
			);
			path = Screens;
			sourceTree = "<group>";
		};
		E8C7746D2107090D00DB10C0 /* Data */ = {
			isa = PBXGroup;
			children = (
			);
			path = Data;
			sourceTree = "<group>";
		};
		E8C774762107093000DB10C0 /* Classes */ = {
			isa = PBXGroup;
			children = (
				E8C774772107093000DB10C0 /* ViewControllers */,
				E8C774792107093000DB10C0 /* CustomViews */,
				E8C7747B2107093000DB10C0 /* AppDelegate */,
			);
			path = Classes;
			sourceTree = "<group>";
		};
		E8C774772107093000DB10C0 /* ViewControllers */ = {
			isa = PBXGroup;
			children = (
				E8C774782107093000DB10C0 /* ViewController.swift */,
			);
			path = ViewControllers;
			sourceTree = "<group>";
		};
		E8C774792107093000DB10C0 /* CustomViews */ = {
			isa = PBXGroup;
			children = (
				E8C7747A2107093000DB10C0 /* CustomHeaderView.swift */,
			);
			path = CustomViews;
			sourceTree = "<group>";
		};
		E8C7747B2107093000DB10C0 /* AppDelegate */ = {
			isa = PBXGroup;
			children = (
				E8C7747C2107093000DB10C0 /* AppDelegate.swift */,
			);
			path = AppDelegate;
			sourceTree = "<group>";
		};
		E8FE695E1FA9821C0079C101 /* TablePullToStickHeader */ = {
			isa = PBXGroup;
			children = (
				E8C774762107093000DB10C0 /* Classes */,
				E8FE69671FA9821C0079C101 /* Info.plist */,
				E8C774632107090D00DB10C0 /* Resources */,
			);
			path = TablePullToStickHeader;
			sourceTree = "<group>";
		};
/* End PBXGroup section */

/* Begin PBXNativeTarget section */
		E8AA52FD1F8E369000B34BD5 /* TablePullToStickHeader */ = {
			isa = PBXNativeTarget;
			buildConfigurationList = E8AA53101F8E369000B34BD5 /* Build configuration list for PBXNativeTarget "TablePullToStickHeader" */;
			buildPhases = (
				E8AA52FA1F8E369000B34BD5 /* Sources */,
				E8AA52FB1F8E369000B34BD5 /* Frameworks */,
				E8AA52FC1F8E369000B34BD5 /* Resources */,
			);
			buildRules = (
			);
			dependencies = (
			);
			name = TablePullToStickHeader;
			productName = TableDemo_Scroll2;
			productReference = E8AA52FE1F8E369000B34BD5 /* TablePullToStickHeader.app */;
			productType = "com.apple.product-type.application";
		};
/* End PBXNativeTarget section */

/* Begin PBXProject section */
		E8AA52F61F8E369000B34BD5 /* Project object */ = {
			isa = PBXProject;
			attributes = {
				LastSwiftUpdateCheck = 0820;
				LastUpgradeCheck = 0820;
				ORGANIZATIONNAME = lutron;
				TargetAttributes = {
					E8AA52FD1F8E369000B34BD5 = {
						CreatedOnToolsVersion = 8.2.1;
						ProvisioningStyle = Manual;
					};
				};
			};
			buildConfigurationList = E8AA52F91F8E369000B34BD5 /* Build configuration list for PBXProject "TablePullToStickHeader" */;
			compatibilityVersion = "Xcode 3.2";
			developmentRegion = English;
			hasScannedForEncodings = 0;
			knownRegions = (
				en,
				Base,
			);
			mainGroup = E8AA52F51F8E369000B34BD5;
			productRefGroup = E8AA52FF1F8E369000B34BD5 /* Products */;
			projectDirPath = "";
			projectRoot = "";
			targets = (
				E8AA52FD1F8E369000B34BD5 /* TablePullToStickHeader */,
			);
		};
/* End PBXProject section */

/* Begin PBXResourcesBuildPhase section */
		E8AA52FC1F8E369000B34BD5 /* Resources */ = {
			isa = PBXResourcesBuildPhase;
			buildActionMask = 2147483647;
			files = (
				E8C774712107090D00DB10C0 /* Assets.xcassets in Resources */,
				E8C774732107090D00DB10C0 /* IMG_0347.png in Resources */,
				E8C774722107090D00DB10C0 /* placeHolder.png in Resources */,
				E8C774752107090D00DB10C0 /* Main.storyboard in Resources */,
				E8C774742107090D00DB10C0 /* LaunchScreen.storyboard in Resources */,
				E8FE696F1FA9821C0079C101 /* Info.plist in Resources */,
			);
			runOnlyForDeploymentPostprocessing = 0;
		};
/* End PBXResourcesBuildPhase section */

/* Begin PBXSourcesBuildPhase section */
		E8AA52FA1F8E369000B34BD5 /* Sources */ = {
			isa = PBXSourcesBuildPhase;
			buildActionMask = 2147483647;
			files = (
				E8C7747F2107093000DB10C0 /* AppDelegate.swift in Sources */,
				E8C7747E2107093000DB10C0 /* CustomHeaderView.swift in Sources */,
				E8C7747D2107093000DB10C0 /* ViewController.swift in Sources */,
			);
			runOnlyForDeploymentPostprocessing = 0;
		};
/* End PBXSourcesBuildPhase section */

/* Begin PBXVariantGroup section */
		E8C774692107090D00DB10C0 /* LaunchScreen.storyboard */ = {
			isa = PBXVariantGroup;
			children = (
				E8C7746A2107090D00DB10C0 /* Base */,
			);
			name = LaunchScreen.storyboard;
			sourceTree = "<group>";
		};
		E8C7746B2107090D00DB10C0 /* Main.storyboard */ = {
			isa = PBXVariantGroup;
			children = (
				E8C7746C2107090D00DB10C0 /* Base */,
			);
			name = Main.storyboard;
			sourceTree = "<group>";
		};
/* End PBXVariantGroup section */

/* Begin XCBuildConfiguration section */
		E8AA530E1F8E369000B34BD5 /* Debug */ = {
			isa = XCBuildConfiguration;
			buildSettings = {
				ALWAYS_SEARCH_USER_PATHS = NO;
				CLANG_ANALYZER_NONNULL = YES;
				CLANG_CXX_LANGUAGE_STANDARD = "gnu++0x";
				CLANG_CXX_LIBRARY = "libc++";
				CLANG_ENABLE_MODULES = YES;
				CLANG_ENABLE_OBJC_ARC = YES;
				CLANG_WARN_BOOL_CONVERSION = YES;
				CLANG_WARN_CONSTANT_CONVERSION = YES;
				CLANG_WARN_DIRECT_OBJC_ISA_USAGE = YES_ERROR;
				CLANG_WARN_DOCUMENTATION_COMMENTS = YES;
				CLANG_WARN_EMPTY_BODY = YES;
				CLANG_WARN_ENUM_CONVERSION = YES;
				CLANG_WARN_INFINITE_RECURSION = YES;
				CLANG_WARN_INT_CONVERSION = YES;
				CLANG_WARN_OBJC_ROOT_CLASS = YES_ERROR;
				CLANG_WARN_SUSPICIOUS_MOVE = YES;
				CLANG_WARN_UNREACHABLE_CODE = YES;
				CLANG_WARN__DUPLICATE_METHOD_MATCH = YES;
				"CODE_SIGN_IDENTITY[sdk=iphoneos*]" = "iPhone Developer";
				COPY_PHASE_STRIP = NO;
				DEBUG_INFORMATION_FORMAT = dwarf;
				ENABLE_STRICT_OBJC_MSGSEND = YES;
				ENABLE_TESTABILITY = YES;
				GCC_C_LANGUAGE_STANDARD = gnu99;
				GCC_DYNAMIC_NO_PIC = NO;
				GCC_NO_COMMON_BLOCKS = YES;
				GCC_OPTIMIZATION_LEVEL = 0;
				GCC_PREPROCESSOR_DEFINITIONS = (
					"DEBUG=1",
					"$(inherited)",
				);
				GCC_WARN_64_TO_32_BIT_CONVERSION = YES;
				GCC_WARN_ABOUT_RETURN_TYPE = YES_ERROR;
				GCC_WARN_UNDECLARED_SELECTOR = YES;
				GCC_WARN_UNINITIALIZED_AUTOS = YES_AGGRESSIVE;
				GCC_WARN_UNUSED_FUNCTION = YES;
				GCC_WARN_UNUSED_VARIABLE = YES;
				IPHONEOS_DEPLOYMENT_TARGET = 10.2;
				MTL_ENABLE_DEBUG_INFO = YES;
				ONLY_ACTIVE_ARCH = YES;
				SDKROOT = iphoneos;
				SWIFT_ACTIVE_COMPILATION_CONDITIONS = DEBUG;
				SWIFT_OPTIMIZATION_LEVEL = "-Onone";
			};
			name = Debug;
		};
		E8AA530F1F8E369000B34BD5 /* Release */ = {
			isa = XCBuildConfiguration;
			buildSettings = {
				ALWAYS_SEARCH_USER_PATHS = NO;
				CLANG_ANALYZER_NONNULL = YES;
				CLANG_CXX_LANGUAGE_STANDARD = "gnu++0x";
				CLANG_CXX_LIBRARY = "libc++";
				CLANG_ENABLE_MODULES = YES;
				CLANG_ENABLE_OBJC_ARC = YES;
				CLANG_WARN_BOOL_CONVERSION = YES;
				CLANG_WARN_CONSTANT_CONVERSION = YES;
				CLANG_WARN_DIRECT_OBJC_ISA_USAGE = YES_ERROR;
				CLANG_WARN_DOCUMENTATION_COMMENTS = YES;
				CLANG_WARN_EMPTY_BODY = YES;
				CLANG_WARN_ENUM_CONVERSION = YES;
				CLANG_WARN_INFINITE_RECURSION = YES;
				CLANG_WARN_INT_CONVERSION = YES;
				CLANG_WARN_OBJC_ROOT_CLASS = YES_ERROR;
				CLANG_WARN_SUSPICIOUS_MOVE = YES;
				CLANG_WARN_UNREACHABLE_CODE = YES;
				CLANG_WARN__DUPLICATE_METHOD_MATCH = YES;
				"CODE_SIGN_IDENTITY[sdk=iphoneos*]" = "iPhone Developer";
				COPY_PHASE_STRIP = NO;
				DEBUG_INFORMATION_FORMAT = "dwarf-with-dsym";
				ENABLE_NS_ASSERTIONS = NO;
				ENABLE_STRICT_OBJC_MSGSEND = YES;
				GCC_C_LANGUAGE_STANDARD = gnu99;
				GCC_NO_COMMON_BLOCKS = YES;
				GCC_WARN_64_TO_32_BIT_CONVERSION = YES;
				GCC_WARN_ABOUT_RETURN_TYPE = YES_ERROR;
				GCC_WARN_UNDECLARED_SELECTOR = YES;
				GCC_WARN_UNINITIALIZED_AUTOS = YES_AGGRESSIVE;
				GCC_WARN_UNUSED_FUNCTION = YES;
				GCC_WARN_UNUSED_VARIABLE = YES;
				IPHONEOS_DEPLOYMENT_TARGET = 10.2;
				MTL_ENABLE_DEBUG_INFO = NO;
				SDKROOT = iphoneos;
				SWIFT_OPTIMIZATION_LEVEL = "-Owholemodule";
				VALIDATE_PRODUCT = YES;
			};
			name = Release;
		};
		E8AA53111F8E369000B34BD5 /* Debug */ = {
			isa = XCBuildConfiguration;
			buildSettings = {
				ASSETCATALOG_COMPILER_APPICON_NAME = AppIcon;
				DEVELOPMENT_TEAM = "";
				INFOPLIST_FILE = TablePullToStickHeader/Info.plist;
				LD_RUNPATH_SEARCH_PATHS = "$(inherited) @executable_path/Frameworks";
				PRODUCT_BUNDLE_IDENTIFIER = com.mycompnay.TablePullToStickHeader;
				PRODUCT_NAME = "$(TARGET_NAME)";
				SWIFT_VERSION = 3.0;
			};
			name = Debug;
		};
		E8AA53121F8E369000B34BD5 /* Release */ = {
			isa = XCBuildConfiguration;
			buildSettings = {
				ASSETCATALOG_COMPILER_APPICON_NAME = AppIcon;
				DEVELOPMENT_TEAM = "";
				INFOPLIST_FILE = TablePullToStickHeader/Info.plist;
				LD_RUNPATH_SEARCH_PATHS = "$(inherited) @executable_path/Frameworks";
				PRODUCT_BUNDLE_IDENTIFIER = com.mycompnay.TablePullToStickHeader;
				PRODUCT_NAME = "$(TARGET_NAME)";
				SWIFT_VERSION = 3.0;
			};
			name = Release;
		};
/* End XCBuildConfiguration section */

/* Begin XCConfigurationList section */
		E8AA52F91F8E369000B34BD5 /* Build configuration list for PBXProject "TablePullToStickHeader" */ = {
			isa = XCConfigurationList;
			buildConfigurations = (
				E8AA530E1F8E369000B34BD5 /* Debug */,
				E8AA530F1F8E369000B34BD5 /* Release */,
			);
			defaultConfigurationIsVisible = 0;
			defaultConfigurationName = Release;
		};
		E8AA53101F8E369000B34BD5 /* Build configuration list for PBXNativeTarget "TablePullToStickHeader" */ = {
			isa = XCConfigurationList;
			buildConfigurations = (
				E8AA53111F8E369000B34BD5 /* Debug */,
				E8AA53121F8E369000B34BD5 /* Release */,
			);
			defaultConfigurationIsVisible = 0;
			defaultConfigurationName = Release;
		};
/* End XCConfigurationList section */
	};
	rootObject = E8AA52F61F8E369000B34BD5 /* Project object */;
}
